// !$*UTF8*$!
{
	archiveVersion = 1;
	classes = {
	};
	objectVersion = 46;
	objects = {

/* Begin PBXBuildFile section */
		57DE2FDF1D42704B00944D7C /* AppDelegate.swift in Sources */ = {isa = PBXBuildFile; fileRef = 57DE2FDE1D42704B00944D7C /* AppDelegate.swift */; };
		57DE2FE11D42704B00944D7C /* ViewController.swift in Sources */ = {isa = PBXBuildFile; fileRef = 57DE2FE01D42704B00944D7C /* ViewController.swift */; };
		57DE2FE41D42704B00944D7C /* Main.storyboard in Resources */ = {isa = PBXBuildFile; fileRef = 57DE2FE21D42704B00944D7C /* Main.storyboard */; };
		57DE2FE61D42704B00944D7C /* Assets.xcassets in Resources */ = {isa = PBXBuildFile; fileRef = 57DE2FE51D42704B00944D7C /* Assets.xcassets */; };
		57DE2FE91D42704B00944D7C /* LaunchScreen.storyboard in Resources */ = {isa = PBXBuildFile; fileRef = 57DE2FE71D42704B00944D7C /* LaunchScreen.storyboard */; };
/* End PBXBuildFile section */

/* Begin PBXFileReference section */
		57DE2FDB1D42704B00944D7C /* Xcode Version Control.app */ = {isa = PBXFileReference; explicitFileType = wrapper.application; includeInIndex = 0; path = "Xcode Version Control.app"; sourceTree = BUILT_PRODUCTS_DIR; };
		57DE2FDE1D42704B00944D7C /* AppDelegate.swift */ = {isa = PBXFileReference; lastKnownFileType = sourcecode.swift; path = AppDelegate.swift; sourceTree = "<group>"; };
		57DE2FE01D42704B00944D7C /* ViewController.swift */ = {isa = PBXFileReference; lastKnownFileType = sourcecode.swift; path = ViewController.swift; sourceTree = "<group>"; };
		57DE2FE31D42704B00944D7C /* Base */ = {isa = PBXFileReference; lastKnownFileType = file.storyboard; name = Base; path = Base.lproj/Main.storyboard; sourceTree = "<group>"; };
		57DE2FE51D42704B00944D7C /* Assets.xcassets */ = {isa = PBXFileReference; lastKnownFileType = folder.assetcatalog; path = Assets.xcassets; sourceTree = "<group>"; };
		57DE2FE81D42704B00944D7C /* Base */ = {isa = PBXFileReference; lastKnownFileType = file.storyboard; name = Base; path = Base.lproj/LaunchScreen.storyboard; sourceTree = "<group>"; };
		57DE2FEA1D42704C00944D7C /* Info.plist */ = {isa = PBXFileReference; lastKnownFileType = text.plist.xml; path = Info.plist; sourceTree = "<group>"; };
/* End PBXFileReference section */

/* Begin PBXFrameworksBuildPhase section */
		57DE2FD81D42704B00944D7C /* Frameworks */ = {
			isa = PBXFrameworksBuildPhase;
			buildActionMask = 2147483647;
			files = (
			);
			runOnlyForDeploymentPostprocessing = 0;
		};
/* End PBXFrameworksBuildPhase section */

/* Begin PBXGroup section */
		57DE2FD21D42704B00944D7C = {
			isa = PBXGroup;
			children = (
				57DE2FDD1D42704B00944D7C /* Xcode Version Control */,
				57DE2FDC1D42704B00944D7C /* Products */,
			);
			sourceTree = "<group>";
		};
		57DE2FDC1D42704B00944D7C /* Products */ = {
			isa = PBXGroup;
			children = (
				57DE2FDB1D42704B00944D7C /* Xcode Version Control.app */,
			);
			name = Products;
			sourceTree = "<group>";
		};
		57DE2FDD1D42704B00944D7C /* Xcode Version Control */ = {
			isa = PBXGroup;
			children = (
				57DE2FDE1D42704B00944D7C /* AppDelegate.swift */,
				57DE2FE01D42704B00944D7C /* ViewController.swift */,
				57DE2FE21D42704B00944D7C /* Main.storyboard */,
				57DE2FE51D42704B00944D7C /* Assets.xcassets */,
				57DE2FE71D42704B00944D7C /* LaunchScreen.storyboard */,
				57DE2FEA1D42704C00944D7C /* Info.plist */,
			);
			path = "Xcode Version Control";
			sourceTree = "<group>";
		};
/* End PBXGroup section */

/* Begin PBXNativeTarget section */
		57DE2FDA1D42704B00944D7C /* Xcode Version Control */ = {
			isa = PBXNativeTarget;
			buildConfigurationList = 57DE2FED1D42704C00944D7C /* Build configuration list for PBXNativeTarget "Xcode Version Control" */;
			buildPhases = (
				57DE2FD71D42704B00944D7C /* Sources */,
				57DE2FD81D42704B00944D7C /* Frameworks */,
				57DE2FD91D42704B00944D7C /* Resources */,
			);
			buildRules = (
			);
			dependencies = (
			);
			name = "Xcode Version Control";
			productName = "Xcode Version Control";
			productReference = 57DE2FDB1D42704B00944D7C /* Xcode Version Control.app */;
			productType = "com.apple.product-type.application";
		};
/* End PBXNativeTarget section */

/* Begin PBXProject section */
		57DE2FD31D42704B00944D7C /* Project object */ = {
			isa = PBXProject;
			attributes = {
				LastSwiftUpdateCheck = 0730;
				LastUpgradeCheck = 0730;
				ORGANIZATIONNAME = "Chris Stout";
				TargetAttributes = {
					57DE2FDA1D42704B00944D7C = {
						CreatedOnToolsVersion = 7.3.1;
					};
				};
			};
			buildConfigurationList = 57DE2FD61D42704B00944D7C /* Build configuration list for PBXProject "Xcode Version Control" */;
			compatibilityVersion = "Xcode 3.2";
			developmentRegion = English;
			hasScannedForEncodings = 0;
			knownRegions = (
				en,
				Base,
			);
			mainGroup = 57DE2FD21D42704B00944D7C;
			productRefGroup = 57DE2FDC1D42704B00944D7C /* Products */;
			projectDirPath = "";
			projectRoot = "";
			targets = (
				57DE2FDA1D42704B00944D7C /* Xcode Version Control */,
			);
		};
/* End PBXProject section */

/* Begin PBXResourcesBuildPhase section */
		57DE2FD91D42704B00944D7C /* Resources */ = {
			isa = PBXResourcesBuildPhase;
			buildActionMask = 2147483647;
			files = (
				57DE2FE91D42704B00944D7C /* LaunchScreen.storyboard in Resources */,
				57DE2FE61D42704B00944D7C /* Assets.xcassets in Resources */,
				57DE2FE41D42704B00944D7C /* Main.storyboard in Resources */,
			);
			runOnlyForDeploymentPostprocessing = 0;
		};
/* End PBXResourcesBuildPhase section */

/* Begin PBXSourcesBuildPhase section */
		57DE2FD71D42704B00944D7C /* Sources */ = {
			isa = PBXSourcesBuildPhase;
			buildActionMask = 2147483647;
			files = (
				57DE2FE11D42704B00944D7C /* ViewController.swift in Sources */,
				57DE2FDF1D42704B00944D7C /* AppDelegate.swift in Sources */,
			);
			runOnlyForDeploymentPostprocessing = 0;
		};
/* End PBXSourcesBuildPhase section */

/* Begin PBXVariantGroup section */
		57DE2FE21D42704B00944D7C /* Main.storyboard */ = {
			isa = PBXVariantGroup;
			children = (
				57DE2FE31D42704B00944D7C /* Base */,
			);
			name = Main.storyboard;
			sourceTree = "<group>";
		};
		57DE2FE71D42704B00944D7C /* LaunchScreen.storyboard */ = {
			isa = PBXVariantGroup;
			children = (
				57DE2FE81D42704B00944D7C /* Base */,
			);
			name = LaunchScreen.storyboard;
			sourceTree = "<group>";
		};
/* End PBXVariantGroup section */

/* Begin XCBuildConfiguration section */
		57DE2FEB1D42704C00944D7C /* Debug */ = {
			isa = XCBuildConfiguration;
			buildSettings = {
				ALWAYS_SEARCH_USER_PATHS = NO;
				CLANG_ANALYZER_NONNULL = YES;
				CLANG_CXX_LANGUAGE_STANDARD = "gnu++0x";
				CLANG_CXX_LIBRARY = "libc++";
				CLANG_ENABLE_MODULES = YES;
				CLANG_ENABLE_OBJC_ARC = YES;
				CLANG_WARN_BOOL_CONVERSION = YES;
				CLANG_WARN_CONSTANT_CONVERSION = YES;
				CLANG_WARN_DIRECT_OBJC_ISA_USAGE = YES_ERROR;
				CLANG_WARN_EMPTY_BODY = YES;
				CLANG_WARN_ENUM_CONVERSION = YES;
				CLANG_WARN_INT_CONVERSION = YES;
				CLANG_WARN_OBJC_ROOT_CLASS = YES_ERROR;
				CLANG_WARN_UNREACHABLE_CODE = YES;
				CLANG_WARN__DUPLICATE_METHOD_MATCH = YES;
				"CODE_SIGN_IDENTITY[sdk=iphoneos*]" = "iPhone Developer";
				COPY_PHASE_STRIP = NO;
				DEBUG_INFORMATION_FORMAT = dwarf;
				ENABLE_STRICT_OBJC_MSGSEND = YES;
				ENABLE_TESTABILITY = YES;
				GCC_C_LANGUAGE_STANDARD = gnu99;
				GCC_DYNAMIC_NO_PIC = NO;
				GCC_NO_COMMON_BLOCKS = YES;
				GCC_OPTIMIZATION_LEVEL = 0;
				GCC_PREPROCESSOR_DEFINITIONS = (
					"DEBUG=1",
					"$(inherited)",
				);
				GCC_WARN_64_TO_32_BIT_CONVERSION = YES;
				GCC_WARN_ABOUT_RETURN_TYPE = YES_ERROR;
				GCC_WARN_UNDECLARED_SELECTOR = YES;
				GCC_WARN_UNINITIALIZED_AUTOS = YES_AGGRESSIVE;
				GCC_WARN_UNUSED_FUNCTION = YES;
				GCC_WARN_UNUSED_VARIABLE = YES;
				IPHONEOS_DEPLOYMENT_TARGET = 9.3;
				MTL_ENABLE_DEBUG_INFO = YES;
				ONLY_ACTIVE_ARCH = YES;
				SDKROOT = iphoneos;
				SWIFT_OPTIMIZATION_LEVEL = "-Onone";
			};
			name = Debug;
		};
		57DE2FEC1D42704C00944D7C /* Release */ = {
			isa = XCBuildConfiguration;
			buildSettings = {
				ALWAYS_SEARCH_USER_PATHS = NO;
				CLANG_ANALYZER_NONNULL = YES;
				CLANG_CXX_LANGUAGE_STANDARD = "gnu++0x";
				CLANG_CXX_LIBRARY = "libc++";
				CLANG_ENABLE_MODULES = YES;
				CLANG_ENABLE_OBJC_ARC = YES;
				CLANG_WARN_BOOL_CONVERSION = YES;
				CLANG_WARN_CONSTANT_CONVERSION = YES;
				CLANG_WARN_DIRECT_OBJC_ISA_USAGE = YES_ERROR;
				CLANG_WARN_EMPTY_BODY = YES;
				CLANG_WARN_ENUM_CONVERSION = YES;
				CLANG_WARN_INT_CONVERSION = YES;
				CLANG_WARN_OBJC_ROOT_CLASS = YES_ERROR;
				CLANG_WARN_UNREACHABLE_CODE = YES;
				CLANG_WARN__DUPLICATE_METHOD_MATCH = YES;
				"CODE_SIGN_IDENTITY[sdk=iphoneos*]" = "iPhone Developer";
				COPY_PHASE_STRIP = NO;
				DEBUG_INFORMATION_FORMAT = "dwarf-with-dsym";
				ENABLE_NS_ASSERTIONS = NO;
				ENABLE_STRICT_OBJC_MSGSEND = YES;
				GCC_C_LANGUAGE_STANDARD = gnu99;
				GCC_NO_COMMON_BLOCKS = YES;
				GCC_WARN_64_TO_32_BIT_CONVERSION = YES;
				GCC_WARN_ABOUT_RETURN_TYPE = YES_ERROR;
				GCC_WARN_UNDECLARED_SELECTOR = YES;
				GCC_WARN_UNINITIALIZED_AUTOS = YES_AGGRESSIVE;
				GCC_WARN_UNUSED_FUNCTION = YES;
				GCC_WARN_UNUSED_VARIABLE = YES;
				IPHONEOS_DEPLOYMENT_TARGET = 9.3;
				MTL_ENABLE_DEBUG_INFO = NO;
				SDKROOT = iphoneos;
				VALIDATE_PRODUCT = YES;
			};
			name = Release;
		};
		57DE2FEE1D42704C00944D7C /* Debug */ = {
			isa = XCBuildConfiguration;
			buildSettings = {
				ASSETCATALOG_COMPILER_APPICON_NAME = AppIcon;
				INFOPLIST_FILE = "Xcode Version Control/Info.plist";
				LD_RUNPATH_SEARCH_PATHS = "$(inherited) @executable_path/Frameworks";
				PRODUCT_BUNDLE_IDENTIFIER = "com.Chris.Xcode-Version-Control";
				PRODUCT_NAME = "$(TARGET_NAME)";
			};
			name = Debug;
		};
		57DE2FEF1D42704C00944D7C /* Release */ = {
			isa = XCBuildConfiguration;
			buildSettings = {
				ASSETCATALOG_COMPILER_APPICON_NAME = AppIcon;
				INFOPLIST_FILE = "Xcode Version Control/Info.plist";
				LD_RUNPATH_SEARCH_PATHS = "$(inherited) @executable_path/Frameworks";
				PRODUCT_BUNDLE_IDENTIFIER = "com.Chris.Xcode-Version-Control";
				PRODUCT_NAME = "$(TARGET_NAME)";
			};
			name = Release;
		};
/* End XCBuildConfiguration section */

/* Begin XCConfigurationList section */
		57DE2FD61D42704B00944D7C /* Build configuration list for PBXProject "Xcode Version Control" */ = {
			isa = XCConfigurationList;
			buildConfigurations = (
				57DE2FEB1D42704C00944D7C /* Debug */,
				57DE2FEC1D42704C00944D7C /* Release */,
			);
			defaultConfigurationIsVisible = 0;
			defaultConfigurationName = Release;
		};
		57DE2FED1D42704C00944D7C /* Build configuration list for PBXNativeTarget "Xcode Version Control" */ = {
			isa = XCConfigurationList;
			buildConfigurations = (
				57DE2FEE1D42704C00944D7C /* Debug */,
				57DE2FEF1D42704C00944D7C /* Release */,
			);
			defaultConfigurationIsVisible = 0;
		};
/* End XCConfigurationList section */
	};
	rootObject = 57DE2FD31D42704B00944D7C /* Project object */;
}
